// !$*UTF8*$!
{
	archiveVersion = 1;
	classes = {
	};
	objectVersion = 46;
	objects = {

/* Begin PBXBuildFile section */
		36323FEC1DB23A6900E18699 /* ErrorHandler.swift in Sources */ = {isa = PBXBuildFile; fileRef = 36323FEB1DB23A6900E18699 /* ErrorHandler.swift */; };
		36323FEE1DB2729E00E18699 /* FileManager.swift in Sources */ = {isa = PBXBuildFile; fileRef = 36323FED1DB2729E00E18699 /* FileManager.swift */; };
		36323FF01DB27BBE00E18699 /* FileHandler.swift in Sources */ = {isa = PBXBuildFile; fileRef = 36323FEF1DB27BBE00E18699 /* FileHandler.swift */; };
		368780EC1DB0D6A200AD973B /* main.swift in Sources */ = {isa = PBXBuildFile; fileRef = 368780EB1DB0D6A200AD973B /* main.swift */; };
		368780F31DB0D6D800AD973B /* tools.swift in Sources */ = {isa = PBXBuildFile; fileRef = 368780F21DB0D6D800AD973B /* tools.swift */; };
/* End PBXBuildFile section */

/* Begin PBXCopyFilesBuildPhase section */
		368780E61DB0D6A200AD973B /* CopyFiles */ = {
			isa = PBXCopyFilesBuildPhase;
			buildActionMask = 2147483647;
			dstPath = /usr/share/man/man1/;
			dstSubfolderSpec = 0;
			files = (
			);
			runOnlyForDeploymentPostprocessing = 1;
		};
/* End PBXCopyFilesBuildPhase section */

/* Begin PBXFileReference section */
		36323FEB1DB23A6900E18699 /* ErrorHandler.swift */ = {isa = PBXFileReference; fileEncoding = 4; lastKnownFileType = sourcecode.swift; path = ErrorHandler.swift; sourceTree = "<group>"; };
		36323FED1DB2729E00E18699 /* FileManager.swift */ = {isa = PBXFileReference; fileEncoding = 4; lastKnownFileType = sourcecode.swift; path = FileManager.swift; sourceTree = "<group>"; };
		36323FEF1DB27BBE00E18699 /* FileHandler.swift */ = {isa = PBXFileReference; fileEncoding = 4; lastKnownFileType = sourcecode.swift; path = FileHandler.swift; sourceTree = "<group>"; };
		368780E81DB0D6A200AD973B /* Versioner */ = {isa = PBXFileReference; explicitFileType = "compiled.mach-o.executable"; includeInIndex = 0; path = Versioner; sourceTree = BUILT_PRODUCTS_DIR; };
		368780EB1DB0D6A200AD973B /* main.swift */ = {isa = PBXFileReference; lastKnownFileType = sourcecode.swift; path = main.swift; sourceTree = "<group>"; };
		368780F21DB0D6D800AD973B /* tools.swift */ = {isa = PBXFileReference; fileEncoding = 4; lastKnownFileType = sourcecode.swift; path = tools.swift; sourceTree = "<group>"; };
		368780F51DB0D71D00AD973B /* config.xml */ = {isa = PBXFileReference; lastKnownFileType = text.xml; path = config.xml; sourceTree = "<group>"; };
		368780F91DB0D71D00AD973B /* config.js */ = {isa = PBXFileReference; lastKnownFileType = sourcecode.javascript; path = config.js; sourceTree = "<group>"; };
/* End PBXFileReference section */

/* Begin PBXFrameworksBuildPhase section */
		368780E51DB0D6A200AD973B /* Frameworks */ = {
			isa = PBXFrameworksBuildPhase;
			buildActionMask = 2147483647;
			files = (
			);
			runOnlyForDeploymentPostprocessing = 0;
		};
/* End PBXFrameworksBuildPhase section */

/* Begin PBXGroup section */
		368780DF1DB0D6A200AD973B = {
			isa = PBXGroup;
			children = (
				368780EA1DB0D6A200AD973B /* Versioner */,
				368780E91DB0D6A200AD973B /* Products */,
				368780F41DB0D71D00AD973B /* project */,
			);
			sourceTree = "<group>";
		};
		368780E91DB0D6A200AD973B /* Products */ = {
			isa = PBXGroup;
			children = (
				368780E81DB0D6A200AD973B /* Versioner */,
			);
			name = Products;
			sourceTree = "<group>";
		};
		368780EA1DB0D6A200AD973B /* Versioner */ = {
			isa = PBXGroup;
			children = (
				368780EB1DB0D6A200AD973B /* main.swift */,
				36323FED1DB2729E00E18699 /* FileManager.swift */,
				36323FEF1DB27BBE00E18699 /* FileHandler.swift */,
				36323FEB1DB23A6900E18699 /* ErrorHandler.swift */,
				368780F21DB0D6D800AD973B /* tools.swift */,
			);
			path = Versioner;
			sourceTree = "<group>";
		};
		368780F41DB0D71D00AD973B /* project */ = {
			isa = PBXGroup;
			children = (
				368780F51DB0D71D00AD973B /* config.xml */,
				368780F61DB0D71D00AD973B /* src */,
			);
			path = project;
			sourceTree = "<group>";
		};
		368780F61DB0D71D00AD973B /* src */ = {
			isa = PBXGroup;
			children = (
				368780F71DB0D71D00AD973B /* js */,
			);
			path = src;
			sourceTree = "<group>";
		};
		368780F71DB0D71D00AD973B /* js */ = {
			isa = PBXGroup;
			children = (
				368780F81DB0D71D00AD973B /* config */,
			);
			path = js;
			sourceTree = "<group>";
		};
		368780F81DB0D71D00AD973B /* config */ = {
			isa = PBXGroup;
			children = (
				368780F91DB0D71D00AD973B /* config.js */,
			);
			path = config;
			sourceTree = "<group>";
		};
/* End PBXGroup section */

/* Begin PBXNativeTarget section */
		368780E71DB0D6A200AD973B /* Versioner */ = {
			isa = PBXNativeTarget;
			buildConfigurationList = 368780EF1DB0D6A200AD973B /* Build configuration list for PBXNativeTarget "Versioner" */;
			buildPhases = (
				368780E41DB0D6A200AD973B /* Sources */,
				368780E51DB0D6A200AD973B /* Frameworks */,
				368780E61DB0D6A200AD973B /* CopyFiles */,
			);
			buildRules = (
			);
			dependencies = (
			);
			name = Versioner;
			productName = Versioner;
			productReference = 368780E81DB0D6A200AD973B /* Versioner */;
			productType = "com.apple.product-type.tool";
		};
/* End PBXNativeTarget section */

/* Begin PBXProject section */
		368780E01DB0D6A200AD973B /* Project object */ = {
			isa = PBXProject;
			attributes = {
				LastSwiftUpdateCheck = 0800;
				LastUpgradeCheck = 0800;
				ORGANIZATIONNAME = "Luc-Olivier";
				TargetAttributes = {
					368780E71DB0D6A200AD973B = {
						CreatedOnToolsVersion = 8.0;
						DevelopmentTeam = 4LETUN2C68;
						ProvisioningStyle = Automatic;
					};
				};
			};
			buildConfigurationList = 368780E31DB0D6A200AD973B /* Build configuration list for PBXProject "Versioner" */;
			compatibilityVersion = "Xcode 3.2";
			developmentRegion = English;
			hasScannedForEncodings = 0;
			knownRegions = (
				en,
			);
			mainGroup = 368780DF1DB0D6A200AD973B;
			productRefGroup = 368780E91DB0D6A200AD973B /* Products */;
			projectDirPath = "";
			projectRoot = "";
			targets = (
				368780E71DB0D6A200AD973B /* Versioner */,
			);
		};
/* End PBXProject section */

/* Begin PBXSourcesBuildPhase section */
		368780E41DB0D6A200AD973B /* Sources */ = {
			isa = PBXSourcesBuildPhase;
			buildActionMask = 2147483647;
			files = (
				36323FEC1DB23A6900E18699 /* ErrorHandler.swift in Sources */,
				368780EC1DB0D6A200AD973B /* main.swift in Sources */,
				368780F31DB0D6D800AD973B /* tools.swift in Sources */,
				36323FF01DB27BBE00E18699 /* FileHandler.swift in Sources */,
				36323FEE1DB2729E00E18699 /* FileManager.swift in Sources */,
			);
			runOnlyForDeploymentPostprocessing = 0;
		};
/* End PBXSourcesBuildPhase section */

/* Begin XCBuildConfiguration section */
		368780ED1DB0D6A200AD973B /* Debug */ = {
			isa = XCBuildConfiguration;
			buildSettings = {
				ALWAYS_SEARCH_USER_PATHS = NO;
				CLANG_ANALYZER_NONNULL = YES;
				CLANG_CXX_LANGUAGE_STANDARD = "gnu++0x";
				CLANG_CXX_LIBRARY = "libc++";
				CLANG_ENABLE_MODULES = YES;
				CLANG_ENABLE_OBJC_ARC = YES;
				CLANG_WARN_BOOL_CONVERSION = YES;
				CLANG_WARN_CONSTANT_CONVERSION = YES;
				CLANG_WARN_DIRECT_OBJC_ISA_USAGE = YES_ERROR;
				CLANG_WARN_DOCUMENTATION_COMMENTS = YES;
				CLANG_WARN_EMPTY_BODY = YES;
				CLANG_WARN_ENUM_CONVERSION = YES;
				CLANG_WARN_INFINITE_RECURSION = YES;
				CLANG_WARN_INT_CONVERSION = YES;
				CLANG_WARN_OBJC_ROOT_CLASS = YES_ERROR;
				CLANG_WARN_SUSPICIOUS_MOVES = YES;
				CLANG_WARN_UNREACHABLE_CODE = YES;
				CLANG_WARN__DUPLICATE_METHOD_MATCH = YES;
				CODE_SIGN_IDENTITY = "-";
				COPY_PHASE_STRIP = NO;
				DEBUG_INFORMATION_FORMAT = dwarf;
				ENABLE_STRICT_OBJC_MSGSEND = YES;
				ENABLE_TESTABILITY = YES;
				GCC_C_LANGUAGE_STANDARD = gnu99;
				GCC_DYNAMIC_NO_PIC = NO;
				GCC_NO_COMMON_BLOCKS = YES;
				GCC_OPTIMIZATION_LEVEL = 0;
				GCC_PREPROCESSOR_DEFINITIONS = (
					"DEBUG=1",
					"$(inherited)",
				);
				GCC_WARN_64_TO_32_BIT_CONVERSION = YES;
				GCC_WARN_ABOUT_RETURN_TYPE = YES_ERROR;
				GCC_WARN_UNDECLARED_SELECTOR = YES;
				GCC_WARN_UNINITIALIZED_AUTOS = YES_AGGRESSIVE;
				GCC_WARN_UNUSED_FUNCTION = YES;
				GCC_WARN_UNUSED_VARIABLE = YES;
				MACOSX_DEPLOYMENT_TARGET = 10.11;
				MTL_ENABLE_DEBUG_INFO = YES;
				ONLY_ACTIVE_ARCH = YES;
				SDKROOT = macosx;
				SWIFT_OPTIMIZATION_LEVEL = "-Onone";
			};
			name = Debug;
		};
		368780EE1DB0D6A200AD973B /* Release */ = {
			isa = XCBuildConfiguration;
			buildSettings = {
				ALWAYS_SEARCH_USER_PATHS = NO;
				CLANG_ANALYZER_NONNULL = YES;
				CLANG_CXX_LANGUAGE_STANDARD = "gnu++0x";
				CLANG_CXX_LIBRARY = "libc++";
				CLANG_ENABLE_MODULES = YES;
				CLANG_ENABLE_OBJC_ARC = YES;
				CLANG_WARN_BOOL_CONVERSION = YES;
				CLANG_WARN_CONSTANT_CONVERSION = YES;
				CLANG_WARN_DIRECT_OBJC_ISA_USAGE = YES_ERROR;
				CLANG_WARN_DOCUMENTATION_COMMENTS = YES;
				CLANG_WARN_EMPTY_BODY = YES;
				CLANG_WARN_ENUM_CONVERSION = YES;
				CLANG_WARN_INFINITE_RECURSION = YES;
				CLANG_WARN_INT_CONVERSION = YES;
				CLANG_WARN_OBJC_ROOT_CLASS = YES_ERROR;
				CLANG_WARN_SUSPICIOUS_MOVES = YES;
				CLANG_WARN_UNREACHABLE_CODE = YES;
				CLANG_WARN__DUPLICATE_METHOD_MATCH = YES;
				CODE_SIGN_IDENTITY = "-";
				COPY_PHASE_STRIP = NO;
				DEBUG_INFORMATION_FORMAT = "dwarf-with-dsym";
				ENABLE_NS_ASSERTIONS = NO;
				ENABLE_STRICT_OBJC_MSGSEND = YES;
				GCC_C_LANGUAGE_STANDARD = gnu99;
				GCC_NO_COMMON_BLOCKS = YES;
				GCC_WARN_64_TO_32_BIT_CONVERSION = YES;
				GCC_WARN_ABOUT_RETURN_TYPE = YES_ERROR;
				GCC_WARN_UNDECLARED_SELECTOR = YES;
				GCC_WARN_UNINITIALIZED_AUTOS = YES_AGGRESSIVE;
				GCC_WARN_UNUSED_FUNCTION = YES;
				GCC_WARN_UNUSED_VARIABLE = YES;
				MACOSX_DEPLOYMENT_TARGET = 10.11;
				MTL_ENABLE_DEBUG_INFO = NO;
				SDKROOT = macosx;
			};
			name = Release;
		};
		368780F01DB0D6A200AD973B /* Debug */ = {
			isa = XCBuildConfiguration;
			buildSettings = {
				DEVELOPMENT_TEAM = 4LETUN2C68;
				PRODUCT_NAME = "$(TARGET_NAME)";
				SWIFT_VERSION = 3.0;
			};
			name = Debug;
		};
		368780F11DB0D6A200AD973B /* Release */ = {
			isa = XCBuildConfiguration;
			buildSettings = {
				DEVELOPMENT_TEAM = 4LETUN2C68;
				PRODUCT_NAME = "$(TARGET_NAME)";
				SWIFT_VERSION = 3.0;
			};
			name = Release;
		};
/* End XCBuildConfiguration section */

/* Begin XCConfigurationList section */
		368780E31DB0D6A200AD973B /* Build configuration list for PBXProject "Versioner" */ = {
			isa = XCConfigurationList;
			buildConfigurations = (
				368780ED1DB0D6A200AD973B /* Debug */,
				368780EE1DB0D6A200AD973B /* Release */,
			);
			defaultConfigurationIsVisible = 0;
			defaultConfigurationName = Release;
		};
		368780EF1DB0D6A200AD973B /* Build configuration list for PBXNativeTarget "Versioner" */ = {
			isa = XCConfigurationList;
			buildConfigurations = (
				368780F01DB0D6A200AD973B /* Debug */,
				368780F11DB0D6A200AD973B /* Release */,
			);
			defaultConfigurationIsVisible = 0;
			defaultConfigurationName = Release;
		};
/* End XCConfigurationList section */
	};
	rootObject = 368780E01DB0D6A200AD973B /* Project object */;
}
